// !$*UTF8*$!
{
	archiveVersion = 1;
	classes = {
	};
	objectVersion = 46;
	objects = {

/* Begin PBXBuildFile section */
		B9BE42071920188F00A2FD15 /* Foundation.framework in Frameworks */ = {isa = PBXBuildFile; fileRef = B9BE42061920188F00A2FD15 /* Foundation.framework */; };
		B9BE42091920188F00A2FD15 /* CoreGraphics.framework in Frameworks */ = {isa = PBXBuildFile; fileRef = B9BE42081920188F00A2FD15 /* CoreGraphics.framework */; };
		B9BE420B1920188F00A2FD15 /* UIKit.framework in Frameworks */ = {isa = PBXBuildFile; fileRef = B9BE420A1920188F00A2FD15 /* UIKit.framework */; };
		B9BE42111920188F00A2FD15 /* InfoPlist.strings in Resources */ = {isa = PBXBuildFile; fileRef = B9BE420F1920188F00A2FD15 /* InfoPlist.strings */; };
		B9BE42131920188F00A2FD15 /* main.m in Sources */ = {isa = PBXBuildFile; fileRef = B9BE42121920188F00A2FD15 /* main.m */; };
		B9BE42171920188F00A2FD15 /* AppDelegate.m in Sources */ = {isa = PBXBuildFile; fileRef = B9BE42161920188F00A2FD15 /* AppDelegate.m */; };
		B9BE421A1920188F00A2FD15 /* Main.storyboard in Resources */ = {isa = PBXBuildFile; fileRef = B9BE42181920188F00A2FD15 /* Main.storyboard */; };
		B9BE421F1920188F00A2FD15 /* Images.xcassets in Resources */ = {isa = PBXBuildFile; fileRef = B9BE421E1920188F00A2FD15 /* Images.xcassets */; };
		B9BE42261920188F00A2FD15 /* XCTest.framework in Frameworks */ = {isa = PBXBuildFile; fileRef = B9BE42251920188F00A2FD15 /* XCTest.framework */; };
		B9BE42271920188F00A2FD15 /* Foundation.framework in Frameworks */ = {isa = PBXBuildFile; fileRef = B9BE42061920188F00A2FD15 /* Foundation.framework */; };
		B9BE42281920188F00A2FD15 /* UIKit.framework in Frameworks */ = {isa = PBXBuildFile; fileRef = B9BE420A1920188F00A2FD15 /* UIKit.framework */; };
		B9BE42301920188F00A2FD15 /* InfoPlist.strings in Resources */ = {isa = PBXBuildFile; fileRef = B9BE422E1920188F00A2FD15 /* InfoPlist.strings */; };
		B9BE42321920188F00A2FD15 /* TSSTests.m in Sources */ = {isa = PBXBuildFile; fileRef = B9BE42311920188F00A2FD15 /* TSSTests.m */; };
		B9BE424019201FF400A2FD15 /* AllFirmwaresTableViewController.m in Sources */ = {isa = PBXBuildFile; fileRef = B9BE423F19201FF400A2FD15 /* AllFirmwaresTableViewController.m */; };
		B9BE42441920200700A2FD15 /* MyDeviceTableViewController.m in Sources */ = {isa = PBXBuildFile; fileRef = B9BE42431920200700A2FD15 /* MyDeviceTableViewController.m */; };
		B9BE42471920201500A2FD15 /* SearchTableViewController.m in Sources */ = {isa = PBXBuildFile; fileRef = B9BE42461920201500A2FD15 /* SearchTableViewController.m */; };
		B9BE424A192021F600A2FD15 /* NoResultsView.xib in Resources */ = {isa = PBXBuildFile; fileRef = B9BE4249192021F600A2FD15 /* NoResultsView.xib */; };
		B9BE424C192026F500A2FD15 /* IOKit.framework in Frameworks */ = {isa = PBXBuildFile; fileRef = B9BE424B192026F500A2FD15 /* IOKit.framework */; };
		B9BE424F192027C200A2FD15 /* libMobileGestalt.dylib in Frameworks */ = {isa = PBXBuildFile; fileRef = B9BE424E192027C200A2FD15 /* libMobileGestalt.dylib */; };
		B9BE42511920281100A2FD15 /* liblockdown.dylib in Frameworks */ = {isa = PBXBuildFile; fileRef = B9BE42501920281100A2FD15 /* liblockdown.dylib */; };
		B9BE425319202B3500A2FD15 /* CoreFoundation.framework in Frameworks */ = {isa = PBXBuildFile; fileRef = B9BE425219202B3500A2FD15 /* CoreFoundation.framework */; };
/* End PBXBuildFile section */

/* Begin PBXContainerItemProxy section */
		B9BE42291920188F00A2FD15 /* PBXContainerItemProxy */ = {
			isa = PBXContainerItemProxy;
			containerPortal = B9BE41FB1920188F00A2FD15 /* Project object */;
			proxyType = 1;
			remoteGlobalIDString = B9BE42021920188F00A2FD15;
			remoteInfo = TSS;
		};
/* End PBXContainerItemProxy section */

/* Begin PBXFileReference section */
		B9BE42031920188F00A2FD15 /* MobileTSS.app */ = {isa = PBXFileReference; explicitFileType = wrapper.application; includeInIndex = 0; path = MobileTSS.app; sourceTree = BUILT_PRODUCTS_DIR; };
		B9BE42061920188F00A2FD15 /* Foundation.framework */ = {isa = PBXFileReference; lastKnownFileType = wrapper.framework; name = Foundation.framework; path = System/Library/Frameworks/Foundation.framework; sourceTree = SDKROOT; };
		B9BE42081920188F00A2FD15 /* CoreGraphics.framework */ = {isa = PBXFileReference; lastKnownFileType = wrapper.framework; name = CoreGraphics.framework; path = System/Library/Frameworks/CoreGraphics.framework; sourceTree = SDKROOT; };
		B9BE420A1920188F00A2FD15 /* UIKit.framework */ = {isa = PBXFileReference; lastKnownFileType = wrapper.framework; name = UIKit.framework; path = System/Library/Frameworks/UIKit.framework; sourceTree = SDKROOT; };
		B9BE420E1920188F00A2FD15 /* MobileTSS-Info.plist */ = {isa = PBXFileReference; lastKnownFileType = text.plist.xml; path = "MobileTSS-Info.plist"; sourceTree = "<group>"; };
		B9BE42101920188F00A2FD15 /* en */ = {isa = PBXFileReference; lastKnownFileType = text.plist.strings; name = en; path = en.lproj/InfoPlist.strings; sourceTree = "<group>"; };
		B9BE42121920188F00A2FD15 /* main.m */ = {isa = PBXFileReference; lastKnownFileType = sourcecode.c.objc; path = main.m; sourceTree = "<group>"; };
		B9BE42141920188F00A2FD15 /* TSS-Prefix.pch */ = {isa = PBXFileReference; lastKnownFileType = sourcecode.c.h; path = "TSS-Prefix.pch"; sourceTree = "<group>"; };
		B9BE42151920188F00A2FD15 /* AppDelegate.h */ = {isa = PBXFileReference; lastKnownFileType = sourcecode.c.h; path = AppDelegate.h; sourceTree = "<group>"; };
		B9BE42161920188F00A2FD15 /* AppDelegate.m */ = {isa = PBXFileReference; lastKnownFileType = sourcecode.c.objc; path = AppDelegate.m; sourceTree = "<group>"; };
		B9BE42191920188F00A2FD15 /* Base */ = {isa = PBXFileReference; lastKnownFileType = file.storyboard; name = Base; path = Base.lproj/Main.storyboard; sourceTree = "<group>"; };
		B9BE421E1920188F00A2FD15 /* Images.xcassets */ = {isa = PBXFileReference; lastKnownFileType = folder.assetcatalog; path = Images.xcassets; sourceTree = "<group>"; };
		B9BE42241920188F00A2FD15 /* MobileTSSTests.xctest */ = {isa = PBXFileReference; explicitFileType = wrapper.cfbundle; includeInIndex = 0; path = MobileTSSTests.xctest; sourceTree = BUILT_PRODUCTS_DIR; };
		B9BE42251920188F00A2FD15 /* XCTest.framework */ = {isa = PBXFileReference; lastKnownFileType = wrapper.framework; name = XCTest.framework; path = Library/Frameworks/XCTest.framework; sourceTree = DEVELOPER_DIR; };
		B9BE422D1920188F00A2FD15 /* MobileTSSTests-Info.plist */ = {isa = PBXFileReference; lastKnownFileType = text.plist.xml; path = "MobileTSSTests-Info.plist"; sourceTree = "<group>"; };
		B9BE422F1920188F00A2FD15 /* en */ = {isa = PBXFileReference; lastKnownFileType = text.plist.strings; name = en; path = en.lproj/InfoPlist.strings; sourceTree = "<group>"; };
		B9BE42311920188F00A2FD15 /* TSSTests.m */ = {isa = PBXFileReference; lastKnownFileType = sourcecode.c.objc; path = TSSTests.m; sourceTree = "<group>"; };
		B9BE423E19201FF400A2FD15 /* AllFirmwaresTableViewController.h */ = {isa = PBXFileReference; fileEncoding = 4; lastKnownFileType = sourcecode.c.h; path = AllFirmwaresTableViewController.h; sourceTree = "<group>"; };
		B9BE423F19201FF400A2FD15 /* AllFirmwaresTableViewController.m */ = {isa = PBXFileReference; fileEncoding = 4; lastKnownFileType = sourcecode.c.objc; path = AllFirmwaresTableViewController.m; sourceTree = "<group>"; };
		B9BE42421920200700A2FD15 /* MyDeviceTableViewController.h */ = {isa = PBXFileReference; fileEncoding = 4; lastKnownFileType = sourcecode.c.h; path = MyDeviceTableViewController.h; sourceTree = "<group>"; };
		B9BE42431920200700A2FD15 /* MyDeviceTableViewController.m */ = {isa = PBXFileReference; fileEncoding = 4; lastKnownFileType = sourcecode.c.objc; path = MyDeviceTableViewController.m; sourceTree = "<group>"; };
		B9BE42451920201500A2FD15 /* SearchTableViewController.h */ = {isa = PBXFileReference; fileEncoding = 4; lastKnownFileType = sourcecode.c.h; path = SearchTableViewController.h; sourceTree = "<group>"; };
		B9BE42461920201500A2FD15 /* SearchTableViewController.m */ = {isa = PBXFileReference; fileEncoding = 4; lastKnownFileType = sourcecode.c.objc; path = SearchTableViewController.m; sourceTree = "<group>"; };
		B9BE4249192021F600A2FD15 /* NoResultsView.xib */ = {isa = PBXFileReference; fileEncoding = 4; lastKnownFileType = file.xib; path = NoResultsView.xib; sourceTree = "<group>"; };
		B9BE424B192026F500A2FD15 /* IOKit.framework */ = {isa = PBXFileReference; lastKnownFileType = wrapper.framework; name = IOKit.framework; path = System/Library/Frameworks/IOKit.framework; sourceTree = SDKROOT; };
		B9BE424E192027C200A2FD15 /* libMobileGestalt.dylib */ = {isa = PBXFileReference; lastKnownFileType = "compiled.mach-o.dylib"; name = libMobileGestalt.dylib; path = usr/lib/libMobileGestalt.dylib; sourceTree = SDKROOT; };
		B9BE42501920281100A2FD15 /* liblockdown.dylib */ = {isa = PBXFileReference; lastKnownFileType = "compiled.mach-o.dylib"; name = liblockdown.dylib; path = usr/lib/liblockdown.dylib; sourceTree = SDKROOT; };
		B9BE425219202B3500A2FD15 /* CoreFoundation.framework */ = {isa = PBXFileReference; lastKnownFileType = wrapper.framework; name = CoreFoundation.framework; path = System/Library/Frameworks/CoreFoundation.framework; sourceTree = SDKROOT; };
/* End PBXFileReference section */

/* Begin PBXFrameworksBuildPhase section */
		B9BE42001920188F00A2FD15 /* Frameworks */ = {
			isa = PBXFrameworksBuildPhase;
			buildActionMask = 2147483647;
			files = (
				B9BE425319202B3500A2FD15 /* CoreFoundation.framework in Frameworks */,
				B9BE42511920281100A2FD15 /* liblockdown.dylib in Frameworks */,
				B9BE424F192027C200A2FD15 /* libMobileGestalt.dylib in Frameworks */,
				B9BE424C192026F500A2FD15 /* IOKit.framework in Frameworks */,
				B9BE42091920188F00A2FD15 /* CoreGraphics.framework in Frameworks */,
				B9BE420B1920188F00A2FD15 /* UIKit.framework in Frameworks */,
				B9BE42071920188F00A2FD15 /* Foundation.framework in Frameworks */,
			);
			runOnlyForDeploymentPostprocessing = 0;
		};
		B9BE42211920188F00A2FD15 /* Frameworks */ = {
			isa = PBXFrameworksBuildPhase;
			buildActionMask = 2147483647;
			files = (
				B9BE42261920188F00A2FD15 /* XCTest.framework in Frameworks */,
				B9BE42281920188F00A2FD15 /* UIKit.framework in Frameworks */,
				B9BE42271920188F00A2FD15 /* Foundation.framework in Frameworks */,
			);
			runOnlyForDeploymentPostprocessing = 0;
		};
/* End PBXFrameworksBuildPhase section */

/* Begin PBXGroup section */
		B9BE41FA1920188F00A2FD15 = {
			isa = PBXGroup;
			children = (
				B9BE420C1920188F00A2FD15 /* TSS */,
				B9BE422B1920188F00A2FD15 /* TSSTests */,
				B9BE42051920188F00A2FD15 /* Frameworks */,
				B9BE42041920188F00A2FD15 /* Products */,
			);
			sourceTree = "<group>";
		};
		B9BE42041920188F00A2FD15 /* Products */ = {
			isa = PBXGroup;
			children = (
				B9BE42031920188F00A2FD15 /* MobileTSS.app */,
				B9BE42241920188F00A2FD15 /* MobileTSSTests.xctest */,
			);
			name = Products;
			sourceTree = "<group>";
		};
		B9BE42051920188F00A2FD15 /* Frameworks */ = {
			isa = PBXGroup;
			children = (
				B9BE425219202B3500A2FD15 /* CoreFoundation.framework */,
				B9BE42501920281100A2FD15 /* liblockdown.dylib */,
				B9BE424E192027C200A2FD15 /* libMobileGestalt.dylib */,
				B9BE424B192026F500A2FD15 /* IOKit.framework */,
				B9BE42061920188F00A2FD15 /* Foundation.framework */,
				B9BE42081920188F00A2FD15 /* CoreGraphics.framework */,
				B9BE420A1920188F00A2FD15 /* UIKit.framework */,
				B9BE42251920188F00A2FD15 /* XCTest.framework */,
			);
			name = Frameworks;
			sourceTree = "<group>";
		};
		B9BE420C1920188F00A2FD15 /* TSS */ = {
			isa = PBXGroup;
			children = (
				B9BE42151920188F00A2FD15 /* AppDelegate.h */,
				B9BE42161920188F00A2FD15 /* AppDelegate.m */,
				B9BE42181920188F00A2FD15 /* Main.storyboard */,
				B9BE4248192021E200A2FD15 /* NIBs */,
				B9BE424119201FFA00A2FD15 /* Controllers */,
				B9BE421E1920188F00A2FD15 /* Images.xcassets */,
				B9BE420D1920188F00A2FD15 /* Supporting Files */,
			);
			path = TSS;
			sourceTree = "<group>";
		};
		B9BE420D1920188F00A2FD15 /* Supporting Files */ = {
			isa = PBXGroup;
			children = (
				B9BE420E1920188F00A2FD15 /* MobileTSS-Info.plist */,
				B9BE420F1920188F00A2FD15 /* InfoPlist.strings */,
				B9BE42121920188F00A2FD15 /* main.m */,
				B9BE42141920188F00A2FD15 /* TSS-Prefix.pch */,
			);
			name = "Supporting Files";
			sourceTree = "<group>";
		};
		B9BE422B1920188F00A2FD15 /* TSSTests */ = {
			isa = PBXGroup;
			children = (
				B9BE42311920188F00A2FD15 /* TSSTests.m */,
				B9BE422C1920188F00A2FD15 /* Supporting Files */,
			);
			path = TSSTests;
			sourceTree = "<group>";
		};
		B9BE422C1920188F00A2FD15 /* Supporting Files */ = {
			isa = PBXGroup;
			children = (
				B9BE422D1920188F00A2FD15 /* MobileTSSTests-Info.plist */,
				B9BE422E1920188F00A2FD15 /* InfoPlist.strings */,
			);
			name = "Supporting Files";
			sourceTree = "<group>";
		};
		B9BE424119201FFA00A2FD15 /* Controllers */ = {
			isa = PBXGroup;
			children = (
				B9BE423E19201FF400A2FD15 /* AllFirmwaresTableViewController.h */,
				B9BE423F19201FF400A2FD15 /* AllFirmwaresTableViewController.m */,
				B9BE42421920200700A2FD15 /* MyDeviceTableViewController.h */,
				B9BE42431920200700A2FD15 /* MyDeviceTableViewController.m */,
				B9BE42451920201500A2FD15 /* SearchTableViewController.h */,
				B9BE42461920201500A2FD15 /* SearchTableViewController.m */,
			);
			name = Controllers;
			sourceTree = "<group>";
		};
		B9BE4248192021E200A2FD15 /* NIBs */ = {
			isa = PBXGroup;
			children = (
				B9BE4249192021F600A2FD15 /* NoResultsView.xib */,
			);
			name = NIBs;
			sourceTree = "<group>";
		};
/* End PBXGroup section */

/* Begin PBXNativeTarget section */
		B9BE42021920188F00A2FD15 /* MobileTSS */ = {
			isa = PBXNativeTarget;
			buildConfigurationList = B9BE42351920188F00A2FD15 /* Build configuration list for PBXNativeTarget "MobileTSS" */;
			buildPhases = (
				B9BE41FF1920188F00A2FD15 /* Sources */,
				B9BE42001920188F00A2FD15 /* Frameworks */,
				B9BE42011920188F00A2FD15 /* Resources */,
			);
			buildRules = (
			);
			dependencies = (
			);
			name = MobileTSS;
			productName = TSS;
			productReference = B9BE42031920188F00A2FD15 /* MobileTSS.app */;
			productType = "com.apple.product-type.application";
		};
		B9BE42231920188F00A2FD15 /* MobileTSSTests */ = {
			isa = PBXNativeTarget;
			buildConfigurationList = B9BE42381920188F00A2FD15 /* Build configuration list for PBXNativeTarget "MobileTSSTests" */;
			buildPhases = (
				B9BE42201920188F00A2FD15 /* Sources */,
				B9BE42211920188F00A2FD15 /* Frameworks */,
				B9BE42221920188F00A2FD15 /* Resources */,
			);
			buildRules = (
			);
			dependencies = (
				B9BE422A1920188F00A2FD15 /* PBXTargetDependency */,
			);
			name = MobileTSSTests;
			productName = TSSTests;
			productReference = B9BE42241920188F00A2FD15 /* MobileTSSTests.xctest */;
			productType = "com.apple.product-type.bundle.unit-test";
		};
/* End PBXNativeTarget section */

/* Begin PBXProject section */
		B9BE41FB1920188F00A2FD15 /* Project object */ = {
			isa = PBXProject;
			attributes = {
				LastUpgradeCheck = 0510;
				ORGANIZATIONNAME = Haifisch;
				TargetAttributes = {
					B9BE42231920188F00A2FD15 = {
						TestTargetID = B9BE42021920188F00A2FD15;
					};
				};
			};
			buildConfigurationList = B9BE41FE1920188F00A2FD15 /* Build configuration list for PBXProject "MobileTSS" */;
			compatibilityVersion = "Xcode 3.2";
			developmentRegion = English;
			hasScannedForEncodings = 0;
			knownRegions = (
				en,
				Base,
			);
			mainGroup = B9BE41FA1920188F00A2FD15;
			productRefGroup = B9BE42041920188F00A2FD15 /* Products */;
			projectDirPath = "";
			projectRoot = "";
			targets = (
				B9BE42021920188F00A2FD15 /* MobileTSS */,
				B9BE42231920188F00A2FD15 /* MobileTSSTests */,
			);
		};
/* End PBXProject section */

/* Begin PBXResourcesBuildPhase section */
		B9BE42011920188F00A2FD15 /* Resources */ = {
			isa = PBXResourcesBuildPhase;
			buildActionMask = 2147483647;
			files = (
				B9BE424A192021F600A2FD15 /* NoResultsView.xib in Resources */,
				B9BE421F1920188F00A2FD15 /* Images.xcassets in Resources */,
				B9BE42111920188F00A2FD15 /* InfoPlist.strings in Resources */,
				B9BE421A1920188F00A2FD15 /* Main.storyboard in Resources */,
			);
			runOnlyForDeploymentPostprocessing = 0;
		};
		B9BE42221920188F00A2FD15 /* Resources */ = {
			isa = PBXResourcesBuildPhase;
			buildActionMask = 2147483647;
			files = (
				B9BE42301920188F00A2FD15 /* InfoPlist.strings in Resources */,
			);
			runOnlyForDeploymentPostprocessing = 0;
		};
/* End PBXResourcesBuildPhase section */

/* Begin PBXSourcesBuildPhase section */
		B9BE41FF1920188F00A2FD15 /* Sources */ = {
			isa = PBXSourcesBuildPhase;
			buildActionMask = 2147483647;
			files = (
				B9BE424019201FF400A2FD15 /* AllFirmwaresTableViewController.m in Sources */,
				B9BE42441920200700A2FD15 /* MyDeviceTableViewController.m in Sources */,
				B9BE42171920188F00A2FD15 /* AppDelegate.m in Sources */,
				B9BE42471920201500A2FD15 /* SearchTableViewController.m in Sources */,
				B9BE42131920188F00A2FD15 /* main.m in Sources */,
			);
			runOnlyForDeploymentPostprocessing = 0;
		};
		B9BE42201920188F00A2FD15 /* Sources */ = {
			isa = PBXSourcesBuildPhase;
			buildActionMask = 2147483647;
			files = (
				B9BE42321920188F00A2FD15 /* TSSTests.m in Sources */,
			);
			runOnlyForDeploymentPostprocessing = 0;
		};
/* End PBXSourcesBuildPhase section */

/* Begin PBXTargetDependency section */
		B9BE422A1920188F00A2FD15 /* PBXTargetDependency */ = {
			isa = PBXTargetDependency;
			target = B9BE42021920188F00A2FD15 /* MobileTSS */;
			targetProxy = B9BE42291920188F00A2FD15 /* PBXContainerItemProxy */;
		};
/* End PBXTargetDependency section */

/* Begin PBXVariantGroup section */
		B9BE420F1920188F00A2FD15 /* InfoPlist.strings */ = {
			isa = PBXVariantGroup;
			children = (
				B9BE42101920188F00A2FD15 /* en */,
			);
			name = InfoPlist.strings;
			sourceTree = "<group>";
		};
		B9BE42181920188F00A2FD15 /* Main.storyboard */ = {
			isa = PBXVariantGroup;
			children = (
				B9BE42191920188F00A2FD15 /* Base */,
			);
			name = Main.storyboard;
			sourceTree = "<group>";
		};
		B9BE422E1920188F00A2FD15 /* InfoPlist.strings */ = {
			isa = PBXVariantGroup;
			children = (
				B9BE422F1920188F00A2FD15 /* en */,
			);
			name = InfoPlist.strings;
			sourceTree = "<group>";
		};
/* End PBXVariantGroup section */

/* Begin XCBuildConfiguration section */
		B9BE42331920188F00A2FD15 /* Debug */ = {
			isa = XCBuildConfiguration;
			buildSettings = {
				ALWAYS_SEARCH_USER_PATHS = NO;
				CLANG_CXX_LANGUAGE_STANDARD = "gnu++0x";
				CLANG_CXX_LIBRARY = "libc++";
				CLANG_ENABLE_MODULES = YES;
				CLANG_ENABLE_OBJC_ARC = YES;
				CLANG_WARN_BOOL_CONVERSION = YES;
				CLANG_WARN_CONSTANT_CONVERSION = YES;
				CLANG_WARN_DIRECT_OBJC_ISA_USAGE = YES_ERROR;
				CLANG_WARN_EMPTY_BODY = YES;
				CLANG_WARN_ENUM_CONVERSION = YES;
				CLANG_WARN_INT_CONVERSION = YES;
				CLANG_WARN_OBJC_ROOT_CLASS = YES_ERROR;
				CLANG_WARN__DUPLICATE_METHOD_MATCH = YES;
				"CODE_SIGN_IDENTITY[sdk=iphoneos*]" = "iPhone Developer";
				COPY_PHASE_STRIP = NO;
				GCC_C_LANGUAGE_STANDARD = gnu99;
				GCC_DYNAMIC_NO_PIC = NO;
				GCC_OPTIMIZATION_LEVEL = 0;
				GCC_PREPROCESSOR_DEFINITIONS = (
					"DEBUG=1",
					"$(inherited)",
				);
				GCC_SYMBOLS_PRIVATE_EXTERN = NO;
				GCC_WARN_64_TO_32_BIT_CONVERSION = YES;
				GCC_WARN_ABOUT_RETURN_TYPE = YES_ERROR;
				GCC_WARN_UNDECLARED_SELECTOR = YES;
				GCC_WARN_UNINITIALIZED_AUTOS = YES_AGGRESSIVE;
				GCC_WARN_UNUSED_FUNCTION = YES;
				GCC_WARN_UNUSED_VARIABLE = YES;
				IPHONEOS_DEPLOYMENT_TARGET = 7.1;
				ONLY_ACTIVE_ARCH = YES;
				SDKROOT = iphoneos;
			};
			name = Debug;
		};
		B9BE42341920188F00A2FD15 /* Release */ = {
			isa = XCBuildConfiguration;
			buildSettings = {
				ALWAYS_SEARCH_USER_PATHS = NO;
				CLANG_CXX_LANGUAGE_STANDARD = "gnu++0x";
				CLANG_CXX_LIBRARY = "libc++";
				CLANG_ENABLE_MODULES = YES;
				CLANG_ENABLE_OBJC_ARC = YES;
				CLANG_WARN_BOOL_CONVERSION = YES;
				CLANG_WARN_CONSTANT_CONVERSION = YES;
				CLANG_WARN_DIRECT_OBJC_ISA_USAGE = YES_ERROR;
				CLANG_WARN_EMPTY_BODY = YES;
				CLANG_WARN_ENUM_CONVERSION = YES;
				CLANG_WARN_INT_CONVERSION = YES;
				CLANG_WARN_OBJC_ROOT_CLASS = YES_ERROR;
				CLANG_WARN__DUPLICATE_METHOD_MATCH = YES;
				"CODE_SIGN_IDENTITY[sdk=iphoneos*]" = "iPhone Developer";
				COPY_PHASE_STRIP = YES;
				ENABLE_NS_ASSERTIONS = NO;
				GCC_C_LANGUAGE_STANDARD = gnu99;
				GCC_WARN_64_TO_32_BIT_CONVERSION = YES;
				GCC_WARN_ABOUT_RETURN_TYPE = YES_ERROR;
				GCC_WARN_UNDECLARED_SELECTOR = YES;
				GCC_WARN_UNINITIALIZED_AUTOS = YES_AGGRESSIVE;
				GCC_WARN_UNUSED_FUNCTION = YES;
				GCC_WARN_UNUSED_VARIABLE = YES;
				IPHONEOS_DEPLOYMENT_TARGET = 7.1;
				SDKROOT = iphoneos;
				VALIDATE_PRODUCT = YES;
			};
			name = Release;
		};
		B9BE42361920188F00A2FD15 /* Debug */ = {
			isa = XCBuildConfiguration;
			buildSettings = {
				ASSETCATALOG_COMPILER_APPICON_NAME = AppIcon;
				ASSETCATALOG_COMPILER_LAUNCHIMAGE_NAME = LaunchImage;
				GCC_PRECOMPILE_PREFIX_HEADER = YES;
				GCC_PREFIX_HEADER = "TSS/MobileTSS-Prefix.pch";
				INFOPLIST_FILE = "TSS/MobileTSS-Info.plist";
				PRODUCT_NAME = MobileTSS;
				WRAPPER_EXTENSION = app;
			};
			name = Debug;
		};
		B9BE42371920188F00A2FD15 /* Release */ = {
			isa = XCBuildConfiguration;
			buildSettings = {
				ASSETCATALOG_COMPILER_APPICON_NAME = AppIcon;
				ASSETCATALOG_COMPILER_LAUNCHIMAGE_NAME = LaunchImage;
				GCC_PRECOMPILE_PREFIX_HEADER = YES;
				GCC_PREFIX_HEADER = "TSS/MobileTSS-Prefix.pch";
				INFOPLIST_FILE = "TSS/MobileTSS-Info.plist";
				PRODUCT_NAME = MobileTSS;
				WRAPPER_EXTENSION = app;
			};
			name = Release;
		};
		B9BE42391920188F00A2FD15 /* Debug */ = {
			isa = XCBuildConfiguration;
			buildSettings = {
				BUNDLE_LOADER = "$(BUILT_PRODUCTS_DIR)/TSS.app/TSS";
				FRAMEWORK_SEARCH_PATHS = (
					"$(SDKROOT)/Developer/Library/Frameworks",
					"$(inherited)",
					"$(DEVELOPER_FRAMEWORKS_DIR)",
				);
				GCC_PRECOMPILE_PREFIX_HEADER = YES;
				GCC_PREFIX_HEADER = "TSS/TSS-Prefix.pch";
				GCC_PREPROCESSOR_DEFINITIONS = (
					"DEBUG=1",
					"$(inherited)",
				);
				INFOPLIST_FILE = "TSSTests/MobileTSSTests-Info.plist";
				PRODUCT_NAME = MobileTSSTests;
				TEST_HOST = "$(BUNDLE_LOADER)";
				WRAPPER_EXTENSION = xctest;
			};
			name = Debug;
		};
		B9BE423A1920188F00A2FD15 /* Release */ = {
			isa = XCBuildConfiguration;
			buildSettings = {
				BUNDLE_LOADER = "$(BUILT_PRODUCTS_DIR)/TSS.app/TSS";
				FRAMEWORK_SEARCH_PATHS = (
					"$(SDKROOT)/Developer/Library/Frameworks",
					"$(inherited)",
					"$(DEVELOPER_FRAMEWORKS_DIR)",
				);
				GCC_PRECOMPILE_PREFIX_HEADER = YES;
				GCC_PREFIX_HEADER = "TSS/TSS-Prefix.pch";
				INFOPLIST_FILE = "TSSTests/MobileTSSTests-Info.plist";
				PRODUCT_NAME = MobileTSSTests;
				TEST_HOST = "$(BUNDLE_LOADER)";
				WRAPPER_EXTENSION = xctest;
			};
			name = Release;
		};
/* End XCBuildConfiguration section */

/* Begin XCConfigurationList section */
		B9BE41FE1920188F00A2FD15 /* Build configuration list for PBXProject "MobileTSS" */ = {
			isa = XCConfigurationList;
			buildConfigurations = (
				B9BE42331920188F00A2FD15 /* Debug */,
				B9BE42341920188F00A2FD15 /* Release */,
			);
			defaultConfigurationIsVisible = 0;
			defaultConfigurationName = Release;
		};
		B9BE42351920188F00A2FD15 /* Build configuration list for PBXNativeTarget "MobileTSS" */ = {
			isa = XCConfigurationList;
			buildConfigurations = (
				B9BE42361920188F00A2FD15 /* Debug */,
				B9BE42371920188F00A2FD15 /* Release */,
			);
			defaultConfigurationIsVisible = 0;
		};
		B9BE42381920188F00A2FD15 /* Build configuration list for PBXNativeTarget "MobileTSSTests" */ = {
			isa = XCConfigurationList;
			buildConfigurations = (
				B9BE42391920188F00A2FD15 /* Debug */,
				B9BE423A1920188F00A2FD15 /* Release */,
			);
			defaultConfigurationIsVisible = 0;
		};
/* End XCConfigurationList section */
	};
	rootObject = B9BE41FB1920188F00A2FD15 /* Project object */;
}
